
Microsoft Visual Studio Solution File, Format Version 12.00
# Visual Studio Version 16
VisualStudioVersion = 16.0.31729.503
MinimumVisualStudioVersion = 10.0.40219.1
Project("{FAE04EC0-301F-11D3-BF4B-00C04F79EFBC}") = "WebApplication6", "WebApplication6\WebApplication6.csproj", "{EE81CE6F-F449-4253-81B7-F09228B756CC}"
EndProject
Global
	GlobalSection(SolutionConfigurationPlatforms) = preSolution
		Debug|Any CPU = Debug|Any CPU
		Release|Any CPU = Release|Any CPU
	EndGlobalSection
	GlobalSection(ProjectConfigurationPlatforms) = postSolution
		{EE81CE6F-F449-4253-81B7-F09228B756CC}.Debug|Any CPU.ActiveCfg = Debug|Any CPU
		{EE81CE6F-F449-4253-81B7-F09228B756CC}.Debug|Any CPU.Build.0 = Debug|Any CPU
		{EE81CE6F-F449-4253-81B7-F09228B756CC}.Release|Any CPU.ActiveCfg = Release|Any CPU
		{EE81CE6F-F449-4253-81B7-F09228B756CC}.Release|Any CPU.Build.0 = Release|Any CPU
	EndGlobalSection
	GlobalSection(SolutionProperties) = preSolution
		HideSolutionNode = FALSE
	EndGlobalSection
	GlobalSection(ExtensibilityGlobals) = postSolution
		SolutionGuid = {0D79C3EA-D54A-4929-97F2-74F2FC1DF293}
	EndGlobalSection
EndGlobal
