
Microsoft Visual Studio Solution File, Format Version 12.00
# Visual Studio Version 16
VisualStudioVersion = 16.0.31729.503
MinimumVisualStudioVersion = 10.0.40219.1
Project("{FAE04EC0-301F-11D3-BF4B-00C04F79EFBC}") = "Kalitim_3_Sinif_icinde_Sinif", "Kalitim_3_Sinif_icinde_Sinif\Kalitim_3_Sinif_icinde_Sinif.csproj", "{2D97F73C-23B1-49B2-A6E2-3C0D10CE2BE7}"
EndProject
Global
	GlobalSection(SolutionConfigurationPlatforms) = preSolution
		Debug|Any CPU = Debug|Any CPU
		Release|Any CPU = Release|Any CPU
	EndGlobalSection
	GlobalSection(ProjectConfigurationPlatforms) = postSolution
		{2D97F73C-23B1-49B2-A6E2-3C0D10CE2BE7}.Debug|Any CPU.ActiveCfg = Debug|Any CPU
		{2D97F73C-23B1-49B2-A6E2-3C0D10CE2BE7}.Debug|Any CPU.Build.0 = Debug|Any CPU
		{2D97F73C-23B1-49B2-A6E2-3C0D10CE2BE7}.Release|Any CPU.ActiveCfg = Release|Any CPU
		{2D97F73C-23B1-49B2-A6E2-3C0D10CE2BE7}.Release|Any CPU.Build.0 = Release|Any CPU
	EndGlobalSection
	GlobalSection(SolutionProperties) = preSolution
		HideSolutionNode = FALSE
	EndGlobalSection
	GlobalSection(ExtensibilityGlobals) = postSolution
		SolutionGuid = {18711CCC-D9FD-48D5-9FF3-08CCCC31AF83}
	EndGlobalSection
EndGlobal
