
Microsoft Visual Studio Solution File, Format Version 12.00
# Visual Studio Version 16
VisualStudioVersion = 16.0.31729.503
MinimumVisualStudioVersion = 10.0.40219.1
Project("{FAE04EC0-301F-11D3-BF4B-00C04F79EFBC}") = "Siniflar_1", "Siniflar_1\Siniflar_1.csproj", "{1415F03F-30FB-4237-8A83-956097F1D02E}"
EndProject
Global
	GlobalSection(SolutionConfigurationPlatforms) = preSolution
		Debug|Any CPU = Debug|Any CPU
		Release|Any CPU = Release|Any CPU
	EndGlobalSection
	GlobalSection(ProjectConfigurationPlatforms) = postSolution
		{1415F03F-30FB-4237-8A83-956097F1D02E}.Debug|Any CPU.ActiveCfg = Debug|Any CPU
		{1415F03F-30FB-4237-8A83-956097F1D02E}.Debug|Any CPU.Build.0 = Debug|Any CPU
		{1415F03F-30FB-4237-8A83-956097F1D02E}.Release|Any CPU.ActiveCfg = Release|Any CPU
		{1415F03F-30FB-4237-8A83-956097F1D02E}.Release|Any CPU.Build.0 = Release|Any CPU
	EndGlobalSection
	GlobalSection(SolutionProperties) = preSolution
		HideSolutionNode = FALSE
	EndGlobalSection
	GlobalSection(ExtensibilityGlobals) = postSolution
		SolutionGuid = {A9844129-CF60-48F7-A8C3-386B0792FE73}
	EndGlobalSection
EndGlobal
