
Microsoft Visual Studio Solution File, Format Version 12.00
# Visual Studio Version 16
VisualStudioVersion = 16.0.31729.503
MinimumVisualStudioVersion = 10.0.40219.1
Project("{FAE04EC0-301F-11D3-BF4B-00C04F79EFBC}") = "WebApplication10", "WebApplication10\WebApplication10.csproj", "{42A3E61C-26FA-4BC5-9F0E-0995AD3DA8A8}"
EndProject
Global
	GlobalSection(SolutionConfigurationPlatforms) = preSolution
		Debug|Any CPU = Debug|Any CPU
		Release|Any CPU = Release|Any CPU
	EndGlobalSection
	GlobalSection(ProjectConfigurationPlatforms) = postSolution
		{42A3E61C-26FA-4BC5-9F0E-0995AD3DA8A8}.Debug|Any CPU.ActiveCfg = Debug|Any CPU
		{42A3E61C-26FA-4BC5-9F0E-0995AD3DA8A8}.Debug|Any CPU.Build.0 = Debug|Any CPU
		{42A3E61C-26FA-4BC5-9F0E-0995AD3DA8A8}.Release|Any CPU.ActiveCfg = Release|Any CPU
		{42A3E61C-26FA-4BC5-9F0E-0995AD3DA8A8}.Release|Any CPU.Build.0 = Release|Any CPU
	EndGlobalSection
	GlobalSection(SolutionProperties) = preSolution
		HideSolutionNode = FALSE
	EndGlobalSection
	GlobalSection(ExtensibilityGlobals) = postSolution
		SolutionGuid = {34C94226-923E-4AA7-89A0-2C92BE7DF373}
	EndGlobalSection
EndGlobal
