
Microsoft Visual Studio Solution File, Format Version 12.00
# Visual Studio Version 16
VisualStudioVersion = 16.0.31729.503
MinimumVisualStudioVersion = 10.0.40219.1
Project("{FAE04EC0-301F-11D3-BF4B-00C04F79EFBC}") = "Diziler_2", "Diziler_2\Diziler_2.csproj", "{FF6FCF83-23D2-48E4-9467-D0BEC1B72E7E}"
EndProject
Global
	GlobalSection(SolutionConfigurationPlatforms) = preSolution
		Debug|Any CPU = Debug|Any CPU
		Release|Any CPU = Release|Any CPU
	EndGlobalSection
	GlobalSection(ProjectConfigurationPlatforms) = postSolution
		{FF6FCF83-23D2-48E4-9467-D0BEC1B72E7E}.Debug|Any CPU.ActiveCfg = Debug|Any CPU
		{FF6FCF83-23D2-48E4-9467-D0BEC1B72E7E}.Debug|Any CPU.Build.0 = Debug|Any CPU
		{FF6FCF83-23D2-48E4-9467-D0BEC1B72E7E}.Release|Any CPU.ActiveCfg = Release|Any CPU
		{FF6FCF83-23D2-48E4-9467-D0BEC1B72E7E}.Release|Any CPU.Build.0 = Release|Any CPU
	EndGlobalSection
	GlobalSection(SolutionProperties) = preSolution
		HideSolutionNode = FALSE
	EndGlobalSection
	GlobalSection(ExtensibilityGlobals) = postSolution
		SolutionGuid = {6BAC3CA7-73A8-43D4-A949-57F1D0E15B57}
	EndGlobalSection
EndGlobal
