
Microsoft Visual Studio Solution File, Format Version 12.00
# Visual Studio Version 16
VisualStudioVersion = 16.0.31729.503
MinimumVisualStudioVersion = 10.0.40219.1
Project("{FAE04EC0-301F-11D3-BF4B-00C04F79EFBC}") = "Kalitim_1_Inheritance", "Kalitim_1_Inheritance\Kalitim_1_Inheritance.csproj", "{DC1D9561-331F-4424-941C-21B8F5276A58}"
EndProject
Global
	GlobalSection(SolutionConfigurationPlatforms) = preSolution
		Debug|Any CPU = Debug|Any CPU
		Release|Any CPU = Release|Any CPU
	EndGlobalSection
	GlobalSection(ProjectConfigurationPlatforms) = postSolution
		{DC1D9561-331F-4424-941C-21B8F5276A58}.Debug|Any CPU.ActiveCfg = Debug|Any CPU
		{DC1D9561-331F-4424-941C-21B8F5276A58}.Debug|Any CPU.Build.0 = Debug|Any CPU
		{DC1D9561-331F-4424-941C-21B8F5276A58}.Release|Any CPU.ActiveCfg = Release|Any CPU
		{DC1D9561-331F-4424-941C-21B8F5276A58}.Release|Any CPU.Build.0 = Release|Any CPU
	EndGlobalSection
	GlobalSection(SolutionProperties) = preSolution
		HideSolutionNode = FALSE
	EndGlobalSection
	GlobalSection(ExtensibilityGlobals) = postSolution
		SolutionGuid = {326A7DB9-A15B-4FCB-B84B-1E3B73058DD9}
	EndGlobalSection
EndGlobal
