
Microsoft Visual Studio Solution File, Format Version 12.00
# Visual Studio Version 16
VisualStudioVersion = 16.0.31729.503
MinimumVisualStudioVersion = 10.0.40219.1
Project("{FAE04EC0-301F-11D3-BF4B-00C04F79EFBC}") = "SpaceShipGame", "SpaceShipGame\SpaceShipGame.csproj", "{835E8625-DC41-45F7-AC5C-B1D2CDC6618D}"
EndProject
Global
	GlobalSection(SolutionConfigurationPlatforms) = preSolution
		Debug|Any CPU = Debug|Any CPU
		Release|Any CPU = Release|Any CPU
	EndGlobalSection
	GlobalSection(ProjectConfigurationPlatforms) = postSolution
		{835E8625-DC41-45F7-AC5C-B1D2CDC6618D}.Debug|Any CPU.ActiveCfg = Debug|Any CPU
		{835E8625-DC41-45F7-AC5C-B1D2CDC6618D}.Debug|Any CPU.Build.0 = Debug|Any CPU
		{835E8625-DC41-45F7-AC5C-B1D2CDC6618D}.Release|Any CPU.ActiveCfg = Release|Any CPU
		{835E8625-DC41-45F7-AC5C-B1D2CDC6618D}.Release|Any CPU.Build.0 = Release|Any CPU
	EndGlobalSection
	GlobalSection(SolutionProperties) = preSolution
		HideSolutionNode = FALSE
	EndGlobalSection
	GlobalSection(ExtensibilityGlobals) = postSolution
		SolutionGuid = {89478382-86FB-48BD-8D6A-ABFBB12C4D16}
	EndGlobalSection
EndGlobal
