
Microsoft Visual Studio Solution File, Format Version 12.00
# Visual Studio Version 16
VisualStudioVersion = 16.0.31729.503
MinimumVisualStudioVersion = 10.0.40219.1
Project("{FAE04EC0-301F-11D3-BF4B-00C04F79EFBC}") = "ConsoleApp1", "ConsoleApp1\ConsoleApp1.csproj", "{C764683D-1506-43B2-919E-A6E4E813712C}"
EndProject
Global
	GlobalSection(SolutionConfigurationPlatforms) = preSolution
		Debug|Any CPU = Debug|Any CPU
		Release|Any CPU = Release|Any CPU
	EndGlobalSection
	GlobalSection(ProjectConfigurationPlatforms) = postSolution
		{C764683D-1506-43B2-919E-A6E4E813712C}.Debug|Any CPU.ActiveCfg = Debug|Any CPU
		{C764683D-1506-43B2-919E-A6E4E813712C}.Debug|Any CPU.Build.0 = Debug|Any CPU
		{C764683D-1506-43B2-919E-A6E4E813712C}.Release|Any CPU.ActiveCfg = Release|Any CPU
		{C764683D-1506-43B2-919E-A6E4E813712C}.Release|Any CPU.Build.0 = Release|Any CPU
	EndGlobalSection
	GlobalSection(SolutionProperties) = preSolution
		HideSolutionNode = FALSE
	EndGlobalSection
	GlobalSection(ExtensibilityGlobals) = postSolution
		SolutionGuid = {044F6FF3-A437-409F-8409-827E0955B4D2}
	EndGlobalSection
EndGlobal
