
Microsoft Visual Studio Solution File, Format Version 12.00
# Visual Studio Version 16
VisualStudioVersion = 16.0.31729.503
MinimumVisualStudioVersion = 10.0.40219.1
Project("{FAE04EC0-301F-11D3-BF4B-00C04F79EFBC}") = "Personel", "Personel\Personel.csproj", "{FC4E9468-6C6A-4EBE-BD98-2BA5885ADF7D}"
EndProject
Global
	GlobalSection(SolutionConfigurationPlatforms) = preSolution
		Debug|Any CPU = Debug|Any CPU
		Release|Any CPU = Release|Any CPU
	EndGlobalSection
	GlobalSection(ProjectConfigurationPlatforms) = postSolution
		{FC4E9468-6C6A-4EBE-BD98-2BA5885ADF7D}.Debug|Any CPU.ActiveCfg = Debug|Any CPU
		{FC4E9468-6C6A-4EBE-BD98-2BA5885ADF7D}.Debug|Any CPU.Build.0 = Debug|Any CPU
		{FC4E9468-6C6A-4EBE-BD98-2BA5885ADF7D}.Release|Any CPU.ActiveCfg = Release|Any CPU
		{FC4E9468-6C6A-4EBE-BD98-2BA5885ADF7D}.Release|Any CPU.Build.0 = Release|Any CPU
	EndGlobalSection
	GlobalSection(SolutionProperties) = preSolution
		HideSolutionNode = FALSE
	EndGlobalSection
	GlobalSection(ExtensibilityGlobals) = postSolution
		SolutionGuid = {5A44E1A4-465F-4937-95C6-863467C67BAC}
	EndGlobalSection
EndGlobal
